
Microsoft Visual Studio Solution File, Format Version 12.00
# Visual Studio Version 17
VisualStudioVersion = 17.4.33403.182
MinimumVisualStudioVersion = 10.0.40219.1
Project("{FAE04EC0-301F-11D3-BF4B-00C04F79EFBC}") = "RacingML", "RacingML.csproj", "{0D619B63-B59A-4580-B815-F7B18E49AB67}"
EndProject
Global
	GlobalSection(SolutionConfigurationPlatforms) = preSolution
		Debug|Any CPU = Debug|Any CPU
		Release|Any CPU = Release|Any CPU
	EndGlobalSection
	GlobalSection(ProjectConfigurationPlatforms) = postSolution
		{0D619B63-B59A-4580-B815-F7B18E49AB67}.Debug|Any CPU.ActiveCfg = Debug|Any CPU
		{0D619B63-B59A-4580-B815-F7B18E49AB67}.Debug|Any CPU.Build.0 = Debug|Any CPU
		{0D619B63-B59A-4580-B815-F7B18E49AB67}.Release|Any CPU.ActiveCfg = Release|Any CPU
		{0D619B63-B59A-4580-B815-F7B18E49AB67}.Release|Any CPU.Build.0 = Release|Any CPU
	EndGlobalSection
	GlobalSection(SolutionProperties) = preSolution
		HideSolutionNode = FALSE
	EndGlobalSection
	GlobalSection(ExtensibilityGlobals) = postSolution
		SolutionGuid = {BF885286-96EC-416A-A40C-933FCB414439}
	EndGlobalSection
EndGlobal
